
Microsoft Visual Studio Solution File, Format Version 12.00
# Visual Studio Version 17
VisualStudioVersion = 17.0.31903.59
MinimumVisualStudioVersion = 10.0.40219.1
Project("{2150E333-8FDC-42A3-9474-1A3956D46DE8}") = "src", "src", "{827E0CD3-B72D-47B6-A68D-7590B98EB39B}"
EndProject
Project("{FAE04EC0-301F-11D3-BF4B-00C04F79EFBC}") = "Scad.Inventory.Api", "src\Scad.Inventory.Api\Scad.Inventory.Api.csproj", "{93814153-EDD6-40D8-9391-8D59DCC79393}"
EndProject
Project("{2150E333-8FDC-42A3-9474-1A3956D46DE8}") = "tests", "tests", "{0AB3BF05-4346-4AA6-1389-037BE0695223}"
EndProject
Project("{FAE04EC0-301F-11D3-BF4B-00C04F79EFBC}") = "Scad.Inventory.UnitTests", "tests\Scad.Inventory.UnitTests\Scad.Inventory.UnitTests.csproj", "{6AFCA1A4-9D86-4875-9EC0-263ABDE54D58}"
EndProject
Project("{FAE04EC0-301F-11D3-BF4B-00C04F79EFBC}") = "Scad.Inventory.IntegrationTests", "tests\Scad.Inventory.IntegrationTests\Scad.Inventory.IntegrationTests.csproj", "{82962E46-20C2-4E69-BC97-F668476E4581}"
EndProject
Global
	GlobalSection(SolutionConfigurationPlatforms) = preSolution
		Debug|Any CPU = Debug|Any CPU
		Debug|x64 = Debug|x64
		Debug|x86 = Debug|x86
		Release|Any CPU = Release|Any CPU
		Release|x64 = Release|x64
		Release|x86 = Release|x86
	EndGlobalSection
	GlobalSection(ProjectConfigurationPlatforms) = postSolution
		{93814153-EDD6-40D8-9391-8D59DCC79393}.Debug|Any CPU.ActiveCfg = Debug|Any CPU
		{93814153-EDD6-40D8-9391-8D59DCC79393}.Debug|Any CPU.Build.0 = Debug|Any CPU
		{93814153-EDD6-40D8-9391-8D59DCC79393}.Debug|x64.ActiveCfg = Debug|Any CPU
		{93814153-EDD6-40D8-9391-8D59DCC79393}.Debug|x64.Build.0 = Debug|Any CPU
		{93814153-EDD6-40D8-9391-8D59DCC79393}.Debug|x86.ActiveCfg = Debug|Any CPU
		{93814153-EDD6-40D8-9391-8D59DCC79393}.Debug|x86.Build.0 = Debug|Any CPU
		{93814153-EDD6-40D8-9391-8D59DCC79393}.Release|Any CPU.ActiveCfg = Release|Any CPU
		{93814153-EDD6-40D8-9391-8D59DCC79393}.Release|Any CPU.Build.0 = Release|Any CPU
		{93814153-EDD6-40D8-9391-8D59DCC79393}.Release|x64.ActiveCfg = Release|Any CPU
		{93814153-EDD6-40D8-9391-8D59DCC79393}.Release|x64.Build.0 = Release|Any CPU
		{93814153-EDD6-40D8-9391-8D59DCC79393}.Release|x86.ActiveCfg = Release|Any CPU
		{93814153-EDD6-40D8-9391-8D59DCC79393}.Release|x86.Build.0 = Release|Any CPU
		{6AFCA1A4-9D86-4875-9EC0-263ABDE54D58}.Debug|Any CPU.ActiveCfg = Debug|Any CPU
		{6AFCA1A4-9D86-4875-9EC0-263ABDE54D58}.Debug|Any CPU.Build.0 = Debug|Any CPU
		{6AFCA1A4-9D86-4875-9EC0-263ABDE54D58}.Debug|x64.ActiveCfg = Debug|Any CPU
		{6AFCA1A4-9D86-4875-9EC0-263ABDE54D58}.Debug|x64.Build.0 = Debug|Any CPU
		{6AFCA1A4-9D86-4875-9EC0-263ABDE54D58}.Debug|x86.ActiveCfg = Debug|Any CPU
		{6AFCA1A4-9D86-4875-9EC0-263ABDE54D58}.Debug|x86.Build.0 = Debug|Any CPU
		{6AFCA1A4-9D86-4875-9EC0-263ABDE54D58}.Release|Any CPU.ActiveCfg = Release|Any CPU
		{6AFCA1A4-9D86-4875-9EC0-263ABDE54D58}.Release|Any CPU.Build.0 = Release|Any CPU
		{6AFCA1A4-9D86-4875-9EC0-263ABDE54D58}.Release|x64.ActiveCfg = Release|Any CPU
		{6AFCA1A4-9D86-4875-9EC0-263ABDE54D58}.Release|x64.Build.0 = Release|Any CPU
		{6AFCA1A4-9D86-4875-9EC0-263ABDE54D58}.Release|x86.ActiveCfg = Release|Any CPU
		{6AFCA1A4-9D86-4875-9EC0-263ABDE54D58}.Release|x86.Build.0 = Release|Any CPU
		{82962E46-20C2-4E69-BC97-F668476E4581}.Debug|Any CPU.ActiveCfg = Debug|Any CPU
		{82962E46-20C2-4E69-BC97-F668476E4581}.Debug|Any CPU.Build.0 = Debug|Any CPU
		{82962E46-20C2-4E69-BC97-F668476E4581}.Debug|x64.ActiveCfg = Debug|Any CPU
		{82962E46-20C2-4E69-BC97-F668476E4581}.Debug|x64.Build.0 = Debug|Any CPU
		{82962E46-20C2-4E69-BC97-F668476E4581}.Debug|x86.ActiveCfg = Debug|Any CPU
		{82962E46-20C2-4E69-BC97-F668476E4581}.Debug|x86.Build.0 = Debug|Any CPU
		{82962E46-20C2-4E69-BC97-F668476E4581}.Release|Any CPU.ActiveCfg = Release|Any CPU
		{82962E46-20C2-4E69-BC97-F668476E4581}.Release|Any CPU.Build.0 = Release|Any CPU
		{82962E46-20C2-4E69-BC97-F668476E4581}.Release|x64.ActiveCfg = Release|Any CPU
		{82962E46-20C2-4E69-BC97-F668476E4581}.Release|x64.Build.0 = Release|Any CPU
		{82962E46-20C2-4E69-BC97-F668476E4581}.Release|x86.ActiveCfg = Release|Any CPU
		{82962E46-20C2-4E69-BC97-F668476E4581}.Release|x86.Build.0 = Release|Any CPU
	EndGlobalSection
	GlobalSection(SolutionProperties) = preSolution
		HideSolutionNode = FALSE
	EndGlobalSection
	GlobalSection(NestedProjects) = preSolution
		{93814153-EDD6-40D8-9391-8D59DCC79393} = {827E0CD3-B72D-47B6-A68D-7590B98EB39B}
		{6AFCA1A4-9D86-4875-9EC0-263ABDE54D58} = {0AB3BF05-4346-4AA6-1389-037BE0695223}
		{82962E46-20C2-4E69-BC97-F668476E4581} = {0AB3BF05-4346-4AA6-1389-037BE0695223}
	EndGlobalSection
EndGlobal
